
Microsoft Visual Studio Solution File, Format Version 12.00
# Visual Studio Version 16
VisualStudioVersion = 16.0.30011.22
MinimumVisualStudioVersion = 10.0.40219.1
Project("{FAE04EC0-301F-11D3-BF4B-00C04F79EFBC}") = "NotesClient.UI", "NotesClient.UI\NotesClient.UI.csproj", "{5F8E49CE-89CA-498E-9B50-48D8CCAF33DA}"
EndProject
Project("{FAE04EC0-301F-11D3-BF4B-00C04F79EFBC}") = "NotesClient.ServiceAccess", "NotesClient.ServiceAccess\NotesClient.ServiceAccess.csproj", "{6A0B912B-30FC-415E-A8D4-C17405ADBD93}"
EndProject
Global
	GlobalSection(SolutionConfigurationPlatforms) = preSolution
		Debug|Any CPU = Debug|Any CPU
		Release|Any CPU = Release|Any CPU
	EndGlobalSection
	GlobalSection(ProjectConfigurationPlatforms) = postSolution
		{5F8E49CE-89CA-498E-9B50-48D8CCAF33DA}.Debug|Any CPU.ActiveCfg = Debug|Any CPU
		{5F8E49CE-89CA-498E-9B50-48D8CCAF33DA}.Debug|Any CPU.Build.0 = Debug|Any CPU
		{5F8E49CE-89CA-498E-9B50-48D8CCAF33DA}.Release|Any CPU.ActiveCfg = Release|Any CPU
		{5F8E49CE-89CA-498E-9B50-48D8CCAF33DA}.Release|Any CPU.Build.0 = Release|Any CPU
		{6A0B912B-30FC-415E-A8D4-C17405ADBD93}.Debug|Any CPU.ActiveCfg = Debug|Any CPU
		{6A0B912B-30FC-415E-A8D4-C17405ADBD93}.Debug|Any CPU.Build.0 = Debug|Any CPU
		{6A0B912B-30FC-415E-A8D4-C17405ADBD93}.Release|Any CPU.ActiveCfg = Release|Any CPU
		{6A0B912B-30FC-415E-A8D4-C17405ADBD93}.Release|Any CPU.Build.0 = Release|Any CPU
	EndGlobalSection
	GlobalSection(SolutionProperties) = preSolution
		HideSolutionNode = FALSE
	EndGlobalSection
	GlobalSection(ExtensibilityGlobals) = postSolution
		SolutionGuid = {758855D0-0F2E-438D-84CE-F75E16C816AD}
	EndGlobalSection
EndGlobal
