
Microsoft Visual Studio Solution File, Format Version 12.00
# Visual Studio Version 16
VisualStudioVersion = 16.0.30002.166
MinimumVisualStudioVersion = 10.0.40219.1
Project("{FAE04EC0-301F-11D3-BF4B-00C04F79EFBC}") = "NotesService.Api", "NotesService.Api\NotesService.Api.csproj", "{F5156E39-3BF9-432F-A0E0-B76A53ED5B41}"
EndProject
Global
	GlobalSection(SolutionConfigurationPlatforms) = preSolution
		Debug|Any CPU = Debug|Any CPU
		Release|Any CPU = Release|Any CPU
	EndGlobalSection
	GlobalSection(ProjectConfigurationPlatforms) = postSolution
		{F5156E39-3BF9-432F-A0E0-B76A53ED5B41}.Debug|Any CPU.ActiveCfg = Debug|Any CPU
		{F5156E39-3BF9-432F-A0E0-B76A53ED5B41}.Debug|Any CPU.Build.0 = Debug|Any CPU
		{F5156E39-3BF9-432F-A0E0-B76A53ED5B41}.Release|Any CPU.ActiveCfg = Release|Any CPU
		{F5156E39-3BF9-432F-A0E0-B76A53ED5B41}.Release|Any CPU.Build.0 = Release|Any CPU
	EndGlobalSection
	GlobalSection(SolutionProperties) = preSolution
		HideSolutionNode = FALSE
	EndGlobalSection
	GlobalSection(ExtensibilityGlobals) = postSolution
		SolutionGuid = {28ADEBF0-CBB4-409E-8863-3ADB43EEE3A3}
	EndGlobalSection
EndGlobal
