
Microsoft Visual Studio Solution File, Format Version 12.00
# Visual Studio Version 16
VisualStudioVersion = 16.0.29827.131
MinimumVisualStudioVersion = 10.0.40219.1
Project("{FAE04EC0-301F-11D3-BF4B-00C04F79EFBC}") = "Generics", "Generics\Generics.csproj", "{2D17EEDF-94B0-4E53-9716-ACC77D0C5338}"
EndProject
Global
	GlobalSection(SolutionConfigurationPlatforms) = preSolution
		Debug|Any CPU = Debug|Any CPU
		Release|Any CPU = Release|Any CPU
	EndGlobalSection
	GlobalSection(ProjectConfigurationPlatforms) = postSolution
		{2D17EEDF-94B0-4E53-9716-ACC77D0C5338}.Debug|Any CPU.ActiveCfg = Debug|Any CPU
		{2D17EEDF-94B0-4E53-9716-ACC77D0C5338}.Debug|Any CPU.Build.0 = Debug|Any CPU
		{2D17EEDF-94B0-4E53-9716-ACC77D0C5338}.Release|Any CPU.ActiveCfg = Release|Any CPU
		{2D17EEDF-94B0-4E53-9716-ACC77D0C5338}.Release|Any CPU.Build.0 = Release|Any CPU
	EndGlobalSection
	GlobalSection(SolutionProperties) = preSolution
		HideSolutionNode = FALSE
	EndGlobalSection
	GlobalSection(ExtensibilityGlobals) = postSolution
		SolutionGuid = {A707B4DA-245C-454E-9515-591B0CBBCCD4}
	EndGlobalSection
EndGlobal
